
Microsoft Visual Studio Solution File, Format Version 12.00
# Visual Studio 15
VisualStudioVersion = 15.0.28010.2046
MinimumVisualStudioVersion = 10.0.40219.1
Project("{9A19103F-16F7-4668-BE54-9A1E7A4F7556}") = "MegaDesk", "RazorPagesMovie\MegaDesk.csproj", "{3BD20EF5-7CD7-4B9B-BB25-4F989F94DBBB}"
EndProject
Global
	GlobalSection(SolutionConfigurationPlatforms) = preSolution
		Debug|Any CPU = Debug|Any CPU
		Release|Any CPU = Release|Any CPU
	EndGlobalSection
	GlobalSection(ProjectConfigurationPlatforms) = postSolution
		{3BD20EF5-7CD7-4B9B-BB25-4F989F94DBBB}.Debug|Any CPU.ActiveCfg = Debug|Any CPU
		{3BD20EF5-7CD7-4B9B-BB25-4F989F94DBBB}.Debug|Any CPU.Build.0 = Debug|Any CPU
		{3BD20EF5-7CD7-4B9B-BB25-4F989F94DBBB}.Release|Any CPU.ActiveCfg = Release|Any CPU
		{3BD20EF5-7CD7-4B9B-BB25-4F989F94DBBB}.Release|Any CPU.Build.0 = Release|Any CPU
	EndGlobalSection
	GlobalSection(SolutionProperties) = preSolution
		HideSolutionNode = FALSE
	EndGlobalSection
	GlobalSection(ExtensibilityGlobals) = postSolution
		SolutionGuid = {A3916E3F-1E32-492C-908D-BC1CE3E04E0F}
	EndGlobalSection
EndGlobal
