
Microsoft Visual Studio Solution File, Format Version 12.00
# Visual Studio Version 16
VisualStudioVersion = 16.0.29418.71
MinimumVisualStudioVersion = 10.0.40219.1
Project("{FAE04EC0-301F-11D3-BF4B-00C04F79EFBC}") = "BooksApi", "BooksApi.csproj", "{C0442BB1-E229-4B32-B8DB-0CFDE0E5FC18}"
EndProject
Global
	GlobalSection(SolutionConfigurationPlatforms) = preSolution
		Debug|Any CPU = Debug|Any CPU
		Release|Any CPU = Release|Any CPU
	EndGlobalSection
	GlobalSection(ProjectConfigurationPlatforms) = postSolution
		{C0442BB1-E229-4B32-B8DB-0CFDE0E5FC18}.Debug|Any CPU.ActiveCfg = Debug|Any CPU
		{C0442BB1-E229-4B32-B8DB-0CFDE0E5FC18}.Debug|Any CPU.Build.0 = Debug|Any CPU
		{C0442BB1-E229-4B32-B8DB-0CFDE0E5FC18}.Release|Any CPU.ActiveCfg = Release|Any CPU
		{C0442BB1-E229-4B32-B8DB-0CFDE0E5FC18}.Release|Any CPU.Build.0 = Release|Any CPU
	EndGlobalSection
	GlobalSection(SolutionProperties) = preSolution
		HideSolutionNode = FALSE
	EndGlobalSection
	GlobalSection(ExtensibilityGlobals) = postSolution
		SolutionGuid = {283750DD-20A7-439D-85B5-50AD769D6EB4}
	EndGlobalSection
EndGlobal
