
Microsoft Visual Studio Solution File, Format Version 12.00
# Visual Studio Version 16
VisualStudioVersion = 16.0.29418.71
MinimumVisualStudioVersion = 10.0.40219.1
Project("{FAE04EC0-301F-11D3-BF4B-00C04F79EFBC}") = "BooksApi", "BooksApi.csproj", "{FDAE0A08-20DA-4425-A4B7-476B5B7587E3}"
EndProject
Global
	GlobalSection(SolutionConfigurationPlatforms) = preSolution
		Debug|Any CPU = Debug|Any CPU
		Release|Any CPU = Release|Any CPU
	EndGlobalSection
	GlobalSection(ProjectConfigurationPlatforms) = postSolution
		{FDAE0A08-20DA-4425-A4B7-476B5B7587E3}.Debug|Any CPU.ActiveCfg = Debug|Any CPU
		{FDAE0A08-20DA-4425-A4B7-476B5B7587E3}.Debug|Any CPU.Build.0 = Debug|Any CPU
		{FDAE0A08-20DA-4425-A4B7-476B5B7587E3}.Release|Any CPU.ActiveCfg = Release|Any CPU
		{FDAE0A08-20DA-4425-A4B7-476B5B7587E3}.Release|Any CPU.Build.0 = Release|Any CPU
	EndGlobalSection
	GlobalSection(SolutionProperties) = preSolution
		HideSolutionNode = FALSE
	EndGlobalSection
	GlobalSection(ExtensibilityGlobals) = postSolution
		SolutionGuid = {6ADA8D35-F8C4-4ADD-8BD3-857D4D099B0F}
	EndGlobalSection
EndGlobal
