
Microsoft Visual Studio Solution File, Format Version 12.00
# Visual Studio Version 16
VisualStudioVersion = 16.0.29418.71
MinimumVisualStudioVersion = 10.0.40219.1
Project("{9A19103F-16F7-4668-BE54-9A1E7A4F7556}") = "Scripture Journal", "Scripture Journal.csproj", "{EBA0FCB1-1F5C-4209-AD45-B2BBE535E334}"
EndProject
Global
	GlobalSection(SolutionConfigurationPlatforms) = preSolution
		Debug|Any CPU = Debug|Any CPU
		Release|Any CPU = Release|Any CPU
	EndGlobalSection
	GlobalSection(ProjectConfigurationPlatforms) = postSolution
		{EBA0FCB1-1F5C-4209-AD45-B2BBE535E334}.Debug|Any CPU.ActiveCfg = Debug|Any CPU
		{EBA0FCB1-1F5C-4209-AD45-B2BBE535E334}.Debug|Any CPU.Build.0 = Debug|Any CPU
		{EBA0FCB1-1F5C-4209-AD45-B2BBE535E334}.Release|Any CPU.ActiveCfg = Release|Any CPU
		{EBA0FCB1-1F5C-4209-AD45-B2BBE535E334}.Release|Any CPU.Build.0 = Release|Any CPU
	EndGlobalSection
	GlobalSection(SolutionProperties) = preSolution
		HideSolutionNode = FALSE
	EndGlobalSection
	GlobalSection(ExtensibilityGlobals) = postSolution
		SolutionGuid = {45E2E19A-BFBA-460D-A704-804243BDB46E}
	EndGlobalSection
EndGlobal
